
Microsoft Visual Studio Solution File, Format Version 12.00
# Visual Studio Version 17
VisualStudioVersion = 17.13.35931.197 d17.13
MinimumVisualStudioVersion = 10.0.40219.1
Project("{FAE04EC0-301F-11D3-BF4B-00C04F79EFBC}") = "asp1.2", "asp1.2\asp1.2.csproj", "{C4473A90-98B1-4CBB-954B-16A837BD858B}"
EndProject
Global
	GlobalSection(SolutionConfigurationPlatforms) = preSolution
		Debug|Any CPU = Debug|Any CPU
		Release|Any CPU = Release|Any CPU
	EndGlobalSection
	GlobalSection(ProjectConfigurationPlatforms) = postSolution
		{C4473A90-98B1-4CBB-954B-16A837BD858B}.Debug|Any CPU.ActiveCfg = Debug|Any CPU
		{C4473A90-98B1-4CBB-954B-16A837BD858B}.Debug|Any CPU.Build.0 = Debug|Any CPU
		{C4473A90-98B1-4CBB-954B-16A837BD858B}.Release|Any CPU.ActiveCfg = Release|Any CPU
		{C4473A90-98B1-4CBB-954B-16A837BD858B}.Release|Any CPU.Build.0 = Release|Any CPU
	EndGlobalSection
	GlobalSection(SolutionProperties) = preSolution
		HideSolutionNode = FALSE
	EndGlobalSection
	GlobalSection(ExtensibilityGlobals) = postSolution
		SolutionGuid = {1E311313-201D-4244-BDB5-BE455DEA300F}
	EndGlobalSection
EndGlobal
